
Microsoft Visual Studio Solution File, Format Version 12.00
# Visual Studio Version 16
VisualStudioVersion = 16.0.30128.74
MinimumVisualStudioVersion = 10.0.40219.1
Project("{FAE04EC0-301F-11D3-BF4B-00C04F79EFBC}") = "SignalrServer", "SignalrServer\SignalrServer.csproj", "{83DE1A06-F409-445E-9DD1-9614E62C3667}"
EndProject
Global
	GlobalSection(SolutionConfigurationPlatforms) = preSolution
		Debug|Any CPU = Debug|Any CPU
		Release|Any CPU = Release|Any CPU
	EndGlobalSection
	GlobalSection(ProjectConfigurationPlatforms) = postSolution
		{83DE1A06-F409-445E-9DD1-9614E62C3667}.Debug|Any CPU.ActiveCfg = Debug|Any CPU
		{83DE1A06-F409-445E-9DD1-9614E62C3667}.Debug|Any CPU.Build.0 = Debug|Any CPU
		{83DE1A06-F409-445E-9DD1-9614E62C3667}.Release|Any CPU.ActiveCfg = Release|Any CPU
		{83DE1A06-F409-445E-9DD1-9614E62C3667}.Release|Any CPU.Build.0 = Release|Any CPU
	EndGlobalSection
	GlobalSection(SolutionProperties) = preSolution
		HideSolutionNode = FALSE
	EndGlobalSection
	GlobalSection(ExtensibilityGlobals) = postSolution
		SolutionGuid = {F858080D-A2FF-4C01-8A2C-6F989CF99E13}
	EndGlobalSection
EndGlobal
